
Microsoft Visual Studio Solution File, Format Version 12.00
# Visual Studio Version 17
VisualStudioVersion = 17.5.002.0
MinimumVisualStudioVersion = 10.0.40219.1
Project("{9A19103F-16F7-4668-BE54-9A1E7A4F7556}") = "Newapp", "Newapp.csproj", "{773915B2-EE74-457D-BC73-770BEC75E2F2}"
EndProject
Global
	GlobalSection(SolutionConfigurationPlatforms) = preSolution
		Debug|Any CPU = Debug|Any CPU
		Release|Any CPU = Release|Any CPU
	EndGlobalSection
	GlobalSection(ProjectConfigurationPlatforms) = postSolution
		{773915B2-EE74-457D-BC73-770BEC75E2F2}.Debug|Any CPU.ActiveCfg = Debug|Any CPU
		{773915B2-EE74-457D-BC73-770BEC75E2F2}.Debug|Any CPU.Build.0 = Debug|Any CPU
		{773915B2-EE74-457D-BC73-770BEC75E2F2}.Release|Any CPU.ActiveCfg = Release|Any CPU
		{773915B2-EE74-457D-BC73-770BEC75E2F2}.Release|Any CPU.Build.0 = Release|Any CPU
	EndGlobalSection
	GlobalSection(SolutionProperties) = preSolution
		HideSolutionNode = FALSE
	EndGlobalSection
	GlobalSection(ExtensibilityGlobals) = postSolution
		SolutionGuid = {84430540-FEB7-4B75-9EEB-E64D87B76D3F}
	EndGlobalSection
EndGlobal
